
Microsoft Visual Studio Solution File, Format Version 12.00
# Visual Studio Version 16
VisualStudioVersion = 16.0.30114.105
MinimumVisualStudioVersion = 10.0.40219.1
Project("{2150E333-8FDC-42A3-9474-1A3956D46DE8}") = "src", "src", "{20D59596-BBF8-4CA1-95F5-660912688175}"
EndProject
Project("{FAE04EC0-301F-11D3-BF4B-00C04F79EFBC}") = "FTS.Precatorio.Api", "src\FTS.Precatorio.Api\FTS.Precatorio.Api.csproj", "{996454EA-EE4D-4987-92B4-6B66A4CC38CD}"
EndProject
Project("{FAE04EC0-301F-11D3-BF4B-00C04F79EFBC}") = "FTS.Precatorio.Domain", "src\FTS.Precatorio.Domain\FTS.Precatorio.Domain.csproj", "{99EA97FF-1C6F-4D04-9D84-27B61FBEF357}"
EndProject
Project("{FAE04EC0-301F-11D3-BF4B-00C04F79EFBC}") = "FTS.Precatorio.Dto", "src\FTS.Precatorio.Dto\FTS.Precatorio.Dto.csproj", "{24CBBF2B-41A8-4158-94E1-FAC5B9677A1A}"
EndProject
Project("{FAE04EC0-301F-11D3-BF4B-00C04F79EFBC}") = "FTS.Precatorio.Infrastructure", "src\FTS.Precatorio.Infrastructure\FTS.Precatorio.Infrastructure.csproj", "{9DF524CF-765D-4E62-B86C-216DB9AFC3AB}"
EndProject
Project("{FAE04EC0-301F-11D3-BF4B-00C04F79EFBC}") = "FTS.Precatorio.Messaging", "src\FTS.Precatorio.Messaging\FTS.Precatorio.Messaging.csproj", "{EAF54164-CFFC-402D-84F5-AFB10FCD30BB}"
EndProject
Project("{FAE04EC0-301F-11D3-BF4B-00C04F79EFBC}") = "FTS.Precatorio.StepFunction.Trade", "src\FTS.Precatorio.StepFunction.Trade\FTS.Precatorio.StepFunction.Trade.csproj", "{B9D1437C-466E-4B95-89CF-01BFB5876313}"
EndProject
Project("{FAE04EC0-301F-11D3-BF4B-00C04F79EFBC}") = "FTS.Precatorio.Tests", "test\FTS.Precatorio.Tests.csproj", "{891920B3-0B26-4AE6-BC2D-4D577042A7F3}"
EndProject
Global
	GlobalSection(SolutionConfigurationPlatforms) = preSolution
		Debug|Any CPU = Debug|Any CPU
		Release|Any CPU = Release|Any CPU
	EndGlobalSection
	GlobalSection(SolutionProperties) = preSolution
		HideSolutionNode = FALSE
	EndGlobalSection
	GlobalSection(ProjectConfigurationPlatforms) = postSolution
		{996454EA-EE4D-4987-92B4-6B66A4CC38CD}.Debug|Any CPU.ActiveCfg = Debug|Any CPU
		{996454EA-EE4D-4987-92B4-6B66A4CC38CD}.Debug|Any CPU.Build.0 = Debug|Any CPU
		{996454EA-EE4D-4987-92B4-6B66A4CC38CD}.Release|Any CPU.ActiveCfg = Release|Any CPU
		{996454EA-EE4D-4987-92B4-6B66A4CC38CD}.Release|Any CPU.Build.0 = Release|Any CPU
		{99EA97FF-1C6F-4D04-9D84-27B61FBEF357}.Debug|Any CPU.ActiveCfg = Debug|Any CPU
		{99EA97FF-1C6F-4D04-9D84-27B61FBEF357}.Debug|Any CPU.Build.0 = Debug|Any CPU
		{99EA97FF-1C6F-4D04-9D84-27B61FBEF357}.Release|Any CPU.ActiveCfg = Release|Any CPU
		{99EA97FF-1C6F-4D04-9D84-27B61FBEF357}.Release|Any CPU.Build.0 = Release|Any CPU
		{24CBBF2B-41A8-4158-94E1-FAC5B9677A1A}.Debug|Any CPU.ActiveCfg = Debug|Any CPU
		{24CBBF2B-41A8-4158-94E1-FAC5B9677A1A}.Debug|Any CPU.Build.0 = Debug|Any CPU
		{24CBBF2B-41A8-4158-94E1-FAC5B9677A1A}.Release|Any CPU.ActiveCfg = Release|Any CPU
		{24CBBF2B-41A8-4158-94E1-FAC5B9677A1A}.Release|Any CPU.Build.0 = Release|Any CPU
		{9DF524CF-765D-4E62-B86C-216DB9AFC3AB}.Debug|Any CPU.ActiveCfg = Debug|Any CPU
		{9DF524CF-765D-4E62-B86C-216DB9AFC3AB}.Debug|Any CPU.Build.0 = Debug|Any CPU
		{9DF524CF-765D-4E62-B86C-216DB9AFC3AB}.Release|Any CPU.ActiveCfg = Release|Any CPU
		{9DF524CF-765D-4E62-B86C-216DB9AFC3AB}.Release|Any CPU.Build.0 = Release|Any CPU
		{EAF54164-CFFC-402D-84F5-AFB10FCD30BB}.Debug|Any CPU.ActiveCfg = Debug|Any CPU
		{EAF54164-CFFC-402D-84F5-AFB10FCD30BB}.Debug|Any CPU.Build.0 = Debug|Any CPU
		{EAF54164-CFFC-402D-84F5-AFB10FCD30BB}.Release|Any CPU.ActiveCfg = Release|Any CPU
		{EAF54164-CFFC-402D-84F5-AFB10FCD30BB}.Release|Any CPU.Build.0 = Release|Any CPU
		{B9D1437C-466E-4B95-89CF-01BFB5876313}.Debug|Any CPU.ActiveCfg = Debug|Any CPU
		{B9D1437C-466E-4B95-89CF-01BFB5876313}.Debug|Any CPU.Build.0 = Debug|Any CPU
		{B9D1437C-466E-4B95-89CF-01BFB5876313}.Release|Any CPU.ActiveCfg = Release|Any CPU
		{B9D1437C-466E-4B95-89CF-01BFB5876313}.Release|Any CPU.Build.0 = Release|Any CPU
		{891920B3-0B26-4AE6-BC2D-4D577042A7F3}.Debug|Any CPU.ActiveCfg = Debug|Any CPU
		{891920B3-0B26-4AE6-BC2D-4D577042A7F3}.Debug|Any CPU.Build.0 = Debug|Any CPU
		{891920B3-0B26-4AE6-BC2D-4D577042A7F3}.Release|Any CPU.ActiveCfg = Release|Any CPU
		{891920B3-0B26-4AE6-BC2D-4D577042A7F3}.Release|Any CPU.Build.0 = Release|Any CPU
	EndGlobalSection
	GlobalSection(NestedProjects) = preSolution
		{996454EA-EE4D-4987-92B4-6B66A4CC38CD} = {20D59596-BBF8-4CA1-95F5-660912688175}
		{99EA97FF-1C6F-4D04-9D84-27B61FBEF357} = {20D59596-BBF8-4CA1-95F5-660912688175}
		{24CBBF2B-41A8-4158-94E1-FAC5B9677A1A} = {20D59596-BBF8-4CA1-95F5-660912688175}
		{9DF524CF-765D-4E62-B86C-216DB9AFC3AB} = {20D59596-BBF8-4CA1-95F5-660912688175}
		{EAF54164-CFFC-402D-84F5-AFB10FCD30BB} = {20D59596-BBF8-4CA1-95F5-660912688175}
		{B9D1437C-466E-4B95-89CF-01BFB5876313} = {20D59596-BBF8-4CA1-95F5-660912688175}
	EndGlobalSection
EndGlobal
